// !$*UTF8*$!
{
	archiveVersion = 1;
	classes = {
	};
	objectVersion = 55;
	objects = {

/* Begin PBXBuildFile section */
		305E30F328D967FD00CEAC7A /* ChuckNorrisApp.swift in Sources */ = {isa = PBXBuildFile; fileRef = 305E30F228D967FD00CEAC7A /* ChuckNorrisApp.swift */; };
		305E30F528D967FD00CEAC7A /* ContentView.swift in Sources */ = {isa = PBXBuildFile; fileRef = 305E30F428D967FD00CEAC7A /* ContentView.swift */; };
		305E30F728D967FF00CEAC7A /* Assets.xcassets in Resources */ = {isa = PBXBuildFile; fileRef = 305E30F628D967FF00CEAC7A /* Assets.xcassets */; };
		305E30FA28D967FF00CEAC7A /* Preview Assets.xcassets in Resources */ = {isa = PBXBuildFile; fileRef = 305E30F928D967FF00CEAC7A /* Preview Assets.xcassets */; };
		305E310728D97F1500CEAC7A /* APIManager.swift in Sources */ = {isa = PBXBuildFile; fileRef = 305E310628D97F1500CEAC7A /* APIManager.swift */; };
		305E310B28D9804C00CEAC7A /* Failure.swift in Sources */ = {isa = PBXBuildFile; fileRef = 305E310A28D9804C00CEAC7A /* Failure.swift */; };
		305E310D28D9811C00CEAC7A /* CategorieListViewModel.swift in Sources */ = {isa = PBXBuildFile; fileRef = 305E310C28D9811C00CEAC7A /* CategorieListViewModel.swift */; };
		3068AAAC28DA0F3500EC174D /* CategorieStates.swift in Sources */ = {isa = PBXBuildFile; fileRef = 3068AAAB28DA0F3500EC174D /* CategorieStates.swift */; };
		3068AAAE28DA12F900EC174D /* ErrorView.swift in Sources */ = {isa = PBXBuildFile; fileRef = 3068AAAD28DA12F900EC174D /* ErrorView.swift */; };
/* End PBXBuildFile section */

/* Begin PBXFileReference section */
		305E30EF28D967FD00CEAC7A /* ChuckNorris.app */ = {isa = PBXFileReference; explicitFileType = wrapper.application; includeInIndex = 0; path = ChuckNorris.app; sourceTree = BUILT_PRODUCTS_DIR; };
		305E30F228D967FD00CEAC7A /* ChuckNorrisApp.swift */ = {isa = PBXFileReference; lastKnownFileType = sourcecode.swift; path = ChuckNorrisApp.swift; sourceTree = "<group>"; };
		305E30F428D967FD00CEAC7A /* ContentView.swift */ = {isa = PBXFileReference; lastKnownFileType = sourcecode.swift; path = ContentView.swift; sourceTree = "<group>"; };
		305E30F628D967FF00CEAC7A /* Assets.xcassets */ = {isa = PBXFileReference; lastKnownFileType = folder.assetcatalog; path = Assets.xcassets; sourceTree = "<group>"; };
		305E30F928D967FF00CEAC7A /* Preview Assets.xcassets */ = {isa = PBXFileReference; lastKnownFileType = folder.assetcatalog; path = "Preview Assets.xcassets"; sourceTree = "<group>"; };
		305E310628D97F1500CEAC7A /* APIManager.swift */ = {isa = PBXFileReference; lastKnownFileType = sourcecode.swift; path = APIManager.swift; sourceTree = "<group>"; };
		305E310A28D9804C00CEAC7A /* Failure.swift */ = {isa = PBXFileReference; lastKnownFileType = sourcecode.swift; path = Failure.swift; sourceTree = "<group>"; };
		305E310C28D9811C00CEAC7A /* CategorieListViewModel.swift */ = {isa = PBXFileReference; lastKnownFileType = sourcecode.swift; path = CategorieListViewModel.swift; sourceTree = "<group>"; };
		3068AAAB28DA0F3500EC174D /* CategorieStates.swift */ = {isa = PBXFileReference; lastKnownFileType = sourcecode.swift; path = CategorieStates.swift; sourceTree = "<group>"; };
		3068AAAD28DA12F900EC174D /* ErrorView.swift */ = {isa = PBXFileReference; lastKnownFileType = sourcecode.swift; path = ErrorView.swift; sourceTree = "<group>"; };
/* End PBXFileReference section */

/* Begin PBXFrameworksBuildPhase section */
		305E30EC28D967FD00CEAC7A /* Frameworks */ = {
			isa = PBXFrameworksBuildPhase;
			buildActionMask = 2147483647;
			files = (
			);
			runOnlyForDeploymentPostprocessing = 0;
		};
/* End PBXFrameworksBuildPhase section */

/* Begin PBXGroup section */
		305E30E628D967FD00CEAC7A = {
			isa = PBXGroup;
			children = (
				305E30F128D967FD00CEAC7A /* ChuckNorris */,
				305E30F028D967FD00CEAC7A /* Products */,
			);
			sourceTree = "<group>";
		};
		305E30F028D967FD00CEAC7A /* Products */ = {
			isa = PBXGroup;
			children = (
				305E30EF28D967FD00CEAC7A /* ChuckNorris.app */,
			);
			name = Products;
			sourceTree = "<group>";
		};
		305E30F128D967FD00CEAC7A /* ChuckNorris */ = {
			isa = PBXGroup;
			children = (
				305E310528D97EFD00CEAC7A /* Networking */,
				305E310028D969A700CEAC7A /* App */,
				305E30F228D967FD00CEAC7A /* ChuckNorrisApp.swift */,
				305E30F628D967FF00CEAC7A /* Assets.xcassets */,
				305E30F828D967FF00CEAC7A /* Preview Content */,
			);
			path = ChuckNorris;
			sourceTree = "<group>";
		};
		305E30F828D967FF00CEAC7A /* Preview Content */ = {
			isa = PBXGroup;
			children = (
				305E30F928D967FF00CEAC7A /* Preview Assets.xcassets */,
			);
			path = "Preview Content";
			sourceTree = "<group>";
		};
		305E310028D969A700CEAC7A /* App */ = {
			isa = PBXGroup;
			children = (
				305E310428D96A6200CEAC7A /* CategorieList */,
			);
			path = App;
			sourceTree = "<group>";
		};
		305E310128D96A2F00CEAC7A /* ViewModel */ = {
			isa = PBXGroup;
			children = (
				305E310C28D9811C00CEAC7A /* CategorieListViewModel.swift */,
			);
			path = ViewModel;
			sourceTree = "<group>";
		};
		305E310228D96A3A00CEAC7A /* View */ = {
			isa = PBXGroup;
			children = (
				305E30F428D967FD00CEAC7A /* ContentView.swift */,
				3068AAAD28DA12F900EC174D /* ErrorView.swift */,
			);
			path = View;
			sourceTree = "<group>";
		};
		305E310328D96A4300CEAC7A /* Model */ = {
			isa = PBXGroup;
			children = (
			);
			path = Model;
			sourceTree = "<group>";
		};
		305E310428D96A6200CEAC7A /* CategorieList */ = {
			isa = PBXGroup;
			children = (
				305E310328D96A4300CEAC7A /* Model */,
				305E310228D96A3A00CEAC7A /* View */,
				305E310128D96A2F00CEAC7A /* ViewModel */,
			);
			path = CategorieList;
			sourceTree = "<group>";
		};
		305E310528D97EFD00CEAC7A /* Networking */ = {
			isa = PBXGroup;
			children = (
				3068AAAA28DA0F1800EC174D /* States */,
				305E310928D9802800CEAC7A /* Error */,
				305E310828D9801800CEAC7A /* API */,
			);
			path = Networking;
			sourceTree = "<group>";
		};
		305E310828D9801800CEAC7A /* API */ = {
			isa = PBXGroup;
			children = (
				305E310628D97F1500CEAC7A /* APIManager.swift */,
			);
			path = API;
			sourceTree = "<group>";
		};
		305E310928D9802800CEAC7A /* Error */ = {
			isa = PBXGroup;
			children = (
				305E310A28D9804C00CEAC7A /* Failure.swift */,
			);
			path = Error;
			sourceTree = "<group>";
		};
		3068AAAA28DA0F1800EC174D /* States */ = {
			isa = PBXGroup;
			children = (
				3068AAAB28DA0F3500EC174D /* CategorieStates.swift */,
			);
			path = States;
			sourceTree = "<group>";
		};
/* End PBXGroup section */

/* Begin PBXNativeTarget section */
		305E30EE28D967FD00CEAC7A /* ChuckNorris */ = {
			isa = PBXNativeTarget;
			buildConfigurationList = 305E30FD28D967FF00CEAC7A /* Build configuration list for PBXNativeTarget "ChuckNorris" */;
			buildPhases = (
				305E30EB28D967FD00CEAC7A /* Sources */,
				305E30EC28D967FD00CEAC7A /* Frameworks */,
				305E30ED28D967FD00CEAC7A /* Resources */,
			);
			buildRules = (
			);
			dependencies = (
			);
			name = ChuckNorris;
			productName = ChuckNorris;
			productReference = 305E30EF28D967FD00CEAC7A /* ChuckNorris.app */;
			productType = "com.apple.product-type.application";
		};
/* End PBXNativeTarget section */

/* Begin PBXProject section */
		305E30E728D967FD00CEAC7A /* Project object */ = {
			isa = PBXProject;
			attributes = {
				BuildIndependentTargetsInParallel = 1;
				LastSwiftUpdateCheck = 1320;
				LastUpgradeCheck = 1320;
				TargetAttributes = {
					305E30EE28D967FD00CEAC7A = {
						CreatedOnToolsVersion = 13.2.1;
					};
				};
			};
			buildConfigurationList = 305E30EA28D967FD00CEAC7A /* Build configuration list for PBXProject "ChuckNorris" */;
			compatibilityVersion = "Xcode 13.0";
			developmentRegion = en;
			hasScannedForEncodings = 0;
			knownRegions = (
				en,
				Base,
			);
			mainGroup = 305E30E628D967FD00CEAC7A;
			productRefGroup = 305E30F028D967FD00CEAC7A /* Products */;
			projectDirPath = "";
			projectRoot = "";
			targets = (
				305E30EE28D967FD00CEAC7A /* ChuckNorris */,
			);
		};
/* End PBXProject section */

/* Begin PBXResourcesBuildPhase section */
		305E30ED28D967FD00CEAC7A /* Resources */ = {
			isa = PBXResourcesBuildPhase;
			buildActionMask = 2147483647;
			files = (
				305E30FA28D967FF00CEAC7A /* Preview Assets.xcassets in Resources */,
				305E30F728D967FF00CEAC7A /* Assets.xcassets in Resources */,
			);
			runOnlyForDeploymentPostprocessing = 0;
		};
/* End PBXResourcesBuildPhase section */

/* Begin PBXSourcesBuildPhase section */
		305E30EB28D967FD00CEAC7A /* Sources */ = {
			isa = PBXSourcesBuildPhase;
			buildActionMask = 2147483647;
			files = (
				305E310B28D9804C00CEAC7A /* Failure.swift in Sources */,
				305E310728D97F1500CEAC7A /* APIManager.swift in Sources */,
				3068AAAC28DA0F3500EC174D /* CategorieStates.swift in Sources */,
				305E30F528D967FD00CEAC7A /* ContentView.swift in Sources */,
				3068AAAE28DA12F900EC174D /* ErrorView.swift in Sources */,
				305E310D28D9811C00CEAC7A /* CategorieListViewModel.swift in Sources */,
				305E30F328D967FD00CEAC7A /* ChuckNorrisApp.swift in Sources */,
			);
			runOnlyForDeploymentPostprocessing = 0;
		};
/* End PBXSourcesBuildPhase section */

/* Begin XCBuildConfiguration section */
		305E30FB28D967FF00CEAC7A /* Debug */ = {
			isa = XCBuildConfiguration;
			buildSettings = {
				ALWAYS_SEARCH_USER_PATHS = NO;
				CLANG_ANALYZER_NONNULL = YES;
				CLANG_ANALYZER_NUMBER_OBJECT_CONVERSION = YES_AGGRESSIVE;
				CLANG_CXX_LANGUAGE_STANDARD = "gnu++17";
				CLANG_CXX_LIBRARY = "libc++";
				CLANG_ENABLE_MODULES = YES;
				CLANG_ENABLE_OBJC_ARC = YES;
				CLANG_ENABLE_OBJC_WEAK = YES;
				CLANG_WARN_BLOCK_CAPTURE_AUTORELEASING = YES;
				CLANG_WARN_BOOL_CONVERSION = YES;
				CLANG_WARN_COMMA = YES;
				CLANG_WARN_CONSTANT_CONVERSION = YES;
				CLANG_WARN_DEPRECATED_OBJC_IMPLEMENTATIONS = YES;
				CLANG_WARN_DIRECT_OBJC_ISA_USAGE = YES_ERROR;
				CLANG_WARN_DOCUMENTATION_COMMENTS = YES;
				CLANG_WARN_EMPTY_BODY = YES;
				CLANG_WARN_ENUM_CONVERSION = YES;
				CLANG_WARN_INFINITE_RECURSION = YES;
				CLANG_WARN_INT_CONVERSION = YES;
				CLANG_WARN_NON_LITERAL_NULL_CONVERSION = YES;
				CLANG_WARN_OBJC_IMPLICIT_RETAIN_SELF = YES;
				CLANG_WARN_OBJC_LITERAL_CONVERSION = YES;
				CLANG_WARN_OBJC_ROOT_CLASS = YES_ERROR;
				CLANG_WARN_QUOTED_INCLUDE_IN_FRAMEWORK_HEADER = YES;
				CLANG_WARN_RANGE_LOOP_ANALYSIS = YES;
				CLANG_WARN_STRICT_PROTOTYPES = YES;
				CLANG_WARN_SUSPICIOUS_MOVE = YES;
				CLANG_WARN_UNGUARDED_AVAILABILITY = YES_AGGRESSIVE;
				CLANG_WARN_UNREACHABLE_CODE = YES;
				CLANG_WARN__DUPLICATE_METHOD_MATCH = YES;
				COPY_PHASE_STRIP = NO;
				DEBUG_INFORMATION_FORMAT = dwarf;
				ENABLE_STRICT_OBJC_MSGSEND = YES;
				ENABLE_TESTABILITY = YES;
				GCC_C_LANGUAGE_STANDARD = gnu11;
				GCC_DYNAMIC_NO_PIC = NO;
				GCC_NO_COMMON_BLOCKS = YES;
				GCC_OPTIMIZATION_LEVEL = 0;
				GCC_PREPROCESSOR_DEFINITIONS = (
					"DEBUG=1",
					"$(inherited)",
				);
				GCC_WARN_64_TO_32_BIT_CONVERSION = YES;
				GCC_WARN_ABOUT_RETURN_TYPE = YES_ERROR;
				GCC_WARN_UNDECLARED_SELECTOR = YES;
				GCC_WARN_UNINITIALIZED_AUTOS = YES_AGGRESSIVE;
				GCC_WARN_UNUSED_FUNCTION = YES;
				GCC_WARN_UNUSED_VARIABLE = YES;
				IPHONEOS_DEPLOYMENT_TARGET = 15.2;
				MTL_ENABLE_DEBUG_INFO = INCLUDE_SOURCE;
				MTL_FAST_MATH = YES;
				ONLY_ACTIVE_ARCH = YES;
				SDKROOT = iphoneos;
				SWIFT_ACTIVE_COMPILATION_CONDITIONS = DEBUG;
				SWIFT_OPTIMIZATION_LEVEL = "-Onone";
			};
			name = Debug;
		};
		305E30FC28D967FF00CEAC7A /* Release */ = {
			isa = XCBuildConfiguration;
			buildSettings = {
				ALWAYS_SEARCH_USER_PATHS = NO;
				CLANG_ANALYZER_NONNULL = YES;
				CLANG_ANALYZER_NUMBER_OBJECT_CONVERSION = YES_AGGRESSIVE;
				CLANG_CXX_LANGUAGE_STANDARD = "gnu++17";
				CLANG_CXX_LIBRARY = "libc++";
				CLANG_ENABLE_MODULES = YES;
				CLANG_ENABLE_OBJC_ARC = YES;
				CLANG_ENABLE_OBJC_WEAK = YES;
				CLANG_WARN_BLOCK_CAPTURE_AUTORELEASING = YES;
				CLANG_WARN_BOOL_CONVERSION = YES;
				CLANG_WARN_COMMA = YES;
				CLANG_WARN_CONSTANT_CONVERSION = YES;
				CLANG_WARN_DEPRECATED_OBJC_IMPLEMENTATIONS = YES;
				CLANG_WARN_DIRECT_OBJC_ISA_USAGE = YES_ERROR;
				CLANG_WARN_DOCUMENTATION_COMMENTS = YES;
				CLANG_WARN_EMPTY_BODY = YES;
				CLANG_WARN_ENUM_CONVERSION = YES;
				CLANG_WARN_INFINITE_RECURSION = YES;
				CLANG_WARN_INT_CONVERSION = YES;
				CLANG_WARN_NON_LITERAL_NULL_CONVERSION = YES;
				CLANG_WARN_OBJC_IMPLICIT_RETAIN_SELF = YES;
				CLANG_WARN_OBJC_LITERAL_CONVERSION = YES;
				CLANG_WARN_OBJC_ROOT_CLASS = YES_ERROR;
				CLANG_WARN_QUOTED_INCLUDE_IN_FRAMEWORK_HEADER = YES;
				CLANG_WARN_RANGE_LOOP_ANALYSIS = YES;
				CLANG_WARN_STRICT_PROTOTYPES = YES;
				CLANG_WARN_SUSPICIOUS_MOVE = YES;
				CLANG_WARN_UNGUARDED_AVAILABILITY = YES_AGGRESSIVE;
				CLANG_WARN_UNREACHABLE_CODE = YES;
				CLANG_WARN__DUPLICATE_METHOD_MATCH = YES;
				COPY_PHASE_STRIP = NO;
				DEBUG_INFORMATION_FORMAT = "dwarf-with-dsym";
				ENABLE_NS_ASSERTIONS = NO;
				ENABLE_STRICT_OBJC_MSGSEND = YES;
				GCC_C_LANGUAGE_STANDARD = gnu11;
				GCC_NO_COMMON_BLOCKS = YES;
				GCC_WARN_64_TO_32_BIT_CONVERSION = YES;
				GCC_WARN_ABOUT_RETURN_TYPE = YES_ERROR;
				GCC_WARN_UNDECLARED_SELECTOR = YES;
				GCC_WARN_UNINITIALIZED_AUTOS = YES_AGGRESSIVE;
				GCC_WARN_UNUSED_FUNCTION = YES;
				GCC_WARN_UNUSED_VARIABLE = YES;
				IPHONEOS_DEPLOYMENT_TARGET = 15.2;
				MTL_ENABLE_DEBUG_INFO = NO;
				MTL_FAST_MATH = YES;
				SDKROOT = iphoneos;
				SWIFT_COMPILATION_MODE = wholemodule;
				SWIFT_OPTIMIZATION_LEVEL = "-O";
				VALIDATE_PRODUCT = YES;
			};
			name = Release;
		};
		305E30FE28D967FF00CEAC7A /* Debug */ = {
			isa = XCBuildConfiguration;
			buildSettings = {
				ASSETCATALOG_COMPILER_APPICON_NAME = AppIcon;
				ASSETCATALOG_COMPILER_GLOBAL_ACCENT_COLOR_NAME = AccentColor;
				CODE_SIGN_STYLE = Automatic;
				CURRENT_PROJECT_VERSION = 1;
				DEVELOPMENT_ASSET_PATHS = "\"ChuckNorris/Preview Content\"";
				ENABLE_PREVIEWS = YES;
				GENERATE_INFOPLIST_FILE = YES;
				INFOPLIST_KEY_UIApplicationSceneManifest_Generation = YES;
				INFOPLIST_KEY_UIApplicationSupportsIndirectInputEvents = YES;
				INFOPLIST_KEY_UILaunchScreen_Generation = YES;
				INFOPLIST_KEY_UISupportedInterfaceOrientations_iPad = "UIInterfaceOrientationPortrait UIInterfaceOrientationPortraitUpsideDown UIInterfaceOrientationLandscapeLeft UIInterfaceOrientationLandscapeRight";
				INFOPLIST_KEY_UISupportedInterfaceOrientations_iPhone = "UIInterfaceOrientationPortrait UIInterfaceOrientationLandscapeLeft UIInterfaceOrientationLandscapeRight";
				LD_RUNPATH_SEARCH_PATHS = (
					"$(inherited)",
					"@executable_path/Frameworks",
				);
				MARKETING_VERSION = 1.0;
				PRODUCT_BUNDLE_IDENTIFIER = bmejia24.ChuckNorris;
				PRODUCT_NAME = "$(TARGET_NAME)";
				SWIFT_EMIT_LOC_STRINGS = YES;
				SWIFT_VERSION = 5.0;
				TARGETED_DEVICE_FAMILY = "1,2";
			};
			name = Debug;
		};
		305E30FF28D967FF00CEAC7A /* Release */ = {
			isa = XCBuildConfiguration;
			buildSettings = {
				ASSETCATALOG_COMPILER_APPICON_NAME = AppIcon;
				ASSETCATALOG_COMPILER_GLOBAL_ACCENT_COLOR_NAME = AccentColor;
				CODE_SIGN_STYLE = Automatic;
				CURRENT_PROJECT_VERSION = 1;
				DEVELOPMENT_ASSET_PATHS = "\"ChuckNorris/Preview Content\"";
				ENABLE_PREVIEWS = YES;
				GENERATE_INFOPLIST_FILE = YES;
				INFOPLIST_KEY_UIApplicationSceneManifest_Generation = YES;
				INFOPLIST_KEY_UIApplicationSupportsIndirectInputEvents = YES;
				INFOPLIST_KEY_UILaunchScreen_Generation = YES;
				INFOPLIST_KEY_UISupportedInterfaceOrientations_iPad = "UIInterfaceOrientationPortrait UIInterfaceOrientationPortraitUpsideDown UIInterfaceOrientationLandscapeLeft UIInterfaceOrientationLandscapeRight";
				INFOPLIST_KEY_UISupportedInterfaceOrientations_iPhone = "UIInterfaceOrientationPortrait UIInterfaceOrientationLandscapeLeft UIInterfaceOrientationLandscapeRight";
				LD_RUNPATH_SEARCH_PATHS = (
					"$(inherited)",
					"@executable_path/Frameworks",
				);
				MARKETING_VERSION = 1.0;
				PRODUCT_BUNDLE_IDENTIFIER = bmejia24.ChuckNorris;
				PRODUCT_NAME = "$(TARGET_NAME)";
				SWIFT_EMIT_LOC_STRINGS = YES;
				SWIFT_VERSION = 5.0;
				TARGETED_DEVICE_FAMILY = "1,2";
			};
			name = Release;
		};
/* End XCBuildConfiguration section */

/* Begin XCConfigurationList section */
		305E30EA28D967FD00CEAC7A /* Build configuration list for PBXProject "ChuckNorris" */ = {
			isa = XCConfigurationList;
			buildConfigurations = (
				305E30FB28D967FF00CEAC7A /* Debug */,
				305E30FC28D967FF00CEAC7A /* Release */,
			);
			defaultConfigurationIsVisible = 0;
			defaultConfigurationName = Release;
		};
		305E30FD28D967FF00CEAC7A /* Build configuration list for PBXNativeTarget "ChuckNorris" */ = {
			isa = XCConfigurationList;
			buildConfigurations = (
				305E30FE28D967FF00CEAC7A /* Debug */,
				305E30FF28D967FF00CEAC7A /* Release */,
			);
			defaultConfigurationIsVisible = 0;
			defaultConfigurationName = Release;
		};
/* End XCConfigurationList section */
	};
	rootObject = 305E30E728D967FD00CEAC7A /* Project object */;
}
